PODS:
  - AppCenter (5.0.5):
    - AppCenter/Analytics (= 5.0.5)
    - AppCenter/Crashes (= 5.0.5)
  - AppCenter/Analytics (5.0.5):
    - AppCenter/Core
  - AppCenter/Core (5.0.5)
  - AppCenter/Crashes (5.0.5):
    - AppCenter/Core
  - AppCenter/Distribute (5.0.5):
    - AppCenter/Core
  - Gridicons (0.19)
  - Simperium (1.9.0):
    - Simperium/DiffMatchPach (= 1.9.0)
    - Simperium/JRSwizzle (= 1.9.0)
    - Simperium/SocketTrust (= 1.9.0)
    - Simperium/SPReachability (= 1.9.0)
    - Simperium/SSKeychain (= 1.9.0)
  - Simperium/DiffMatchPach (1.9.0)
  - Simperium/JRSwizzle (1.9.0)
  - Simperium/SocketTrust (1.9.0)
  - Simperium/SPReachability (1.9.0)
  - Simperium/SSKeychain (1.9.0)
  - SwiftLint (0.54.0)
  - WordPress-Ratings-iOS (0.0.2)
  - ZIPFoundation (0.9.15)

DEPENDENCIES:
  - AppCenter (~> 5.0)
  - AppCenter/Distribute (~> 5.0)
  - Gridicons (~> 0.18)
  - Simperium (= 1.9.0)
  - SwiftLint (= 0.54.0)
  - WordPress-Ratings-iOS (= 0.0.2)
  - ZIPFoundation (~> 0.9.9)

SPEC REPOS:
  trunk:
    - AppCenter
    - Gridicons
    - Simperium
    - SwiftLint
    - WordPress-Ratings-iOS
    - ZIPFoundation

SPEC CHECKSUMS:
  AppCenter: 994875ea7941b9e168babb98299f900a94bcef13
  Gridicons: dc92efbe5fd60111d2e8ea051d84a60cca552abc
  Simperium: 45d828d68aad71f3449371346f270013943eff78
  SwiftLint: c1de071d9d08c8aba837545f6254315bc900e211
  WordPress-Ratings-iOS: 9f83dbba6e728c5121b1fd21b5683cf2fd120646
  ZIPFoundation: 063163dc828bf699c5be160eb4f58f676322d94f

PODFILE CHECKSUM: b7dd9a755e346db3012689d69789e5d8b55a10a4

COCOAPODS: 1.16.0
